github.com/amarnathcjd/gogram v1.5.6-0.20250127172517-4e328a17caa8 h1:g5yZ2mZMuhtwWN9wheJwOaVq0CqtmJpzefcLyD+bAZM=
github.com/amarnathcjd/gogram v1.5.6-0.20250127172517-4e328a17caa8/go.mod h1:kxOCYC/wJqoGhwdQVXv9PcNTkDcjyfq6AguAkCkgs74=
github.com/amarnathcjd/gogram v1.5.9-0.20250301150617-f7bb0ec12cf2 h1:Qo1IaisHEnlVXEss5p1G8LNH02YYpQmP8wfPUfmY+24=
github.com/amarnathcjd/gogram v1.5.9-0.20250301150617-f7bb0ec12cf2/go.mod h1:kxOCYC/wJqoGhwdQVXv9PcNTkDcjyfq6AguAkCkgs74=
github.com/joho/godotenv v1.5.1 h1:7eLL/+HRGLY0ldzfGMeQkb7vMd0as4CfYvUVzLqw0N0=
github.com/joho/godotenv v1.5.1/go.mod h1:f4LDr5Voq0i2e/R5DDNOoa2zzDfwtkZa6DnEwAbqwq4=
github.com/pkg/errors v0.9.1 h1:FEBLx1zS214owpjy7qsBeixbURkuhQAwrK5UwLGTwt4=
github.com/pkg/errors v0.9.1/go.mod h1:bwawxfHBFNV+L2hUp1rHADufV3IMtnDRdf1r5NINEl0=
golang.org/x/net v0.33.0 h1:74SYHlV8BIgHIFC/LrYkOGIwL19eTYXQ5wc6TBuO36I=
golang.org/x/net v0.33.0/go.mod h1:HXLR5J+9DxmrqMwG9qjGCxZ+zKXxBru04zlTvWlWuN4=
